// !$*UTF8*$!
{
	archiveVersion = 1;
	classes = {
	};
	objectVersion = 46;
	objects = {

/* Begin PBXBuildFile section */
		6E325CF31EF5670E00AF3502 /* SafariServices.swift in Sources */ = {isa = PBXBuildFile; fileRef = 6E325CF21EF5670E00AF3502 /* SafariServices.swift */; };
		6E325CF51EF56A6C00AF3502 /* AlertViewController.swift in Sources */ = {isa = PBXBuildFile; fileRef = 6E325CF41EF56A6C00AF3502 /* AlertViewController.swift */; };
		6E325CF71EF56E4700AF3502 /* UITextFieldDelegator.swift in Sources */ = {isa = PBXBuildFile; fileRef = 6E325CF61EF56E4700AF3502 /* UITextFieldDelegator.swift */; };
		6E57A33F1E2BFCB600CA828E /* GCDBlackBox.swift in Sources */ = {isa = PBXBuildFile; fileRef = 6E57A33E1E2BFCB600CA828E /* GCDBlackBox.swift */; };
		6E64243D1EF245C500ED473B /* Student.swift in Sources */ = {isa = PBXBuildFile; fileRef = 6E64243C1EF245C500ED473B /* Student.swift */; };
		6E64243F1EF245D200ED473B /* Location.swift in Sources */ = {isa = PBXBuildFile; fileRef = 6E64243E1EF245D200ED473B /* Location.swift */; };
		6E6424411EF27A0600ED473B /* MainViewController.swift in Sources */ = {isa = PBXBuildFile; fileRef = 6E6424401EF27A0600ED473B /* MainViewController.swift */; };
		6E6424431EF2855700ED473B /* Session.swift in Sources */ = {isa = PBXBuildFile; fileRef = 6E6424421EF2855700ED473B /* Session.swift */; };
		6E657D2D1E55960B000CA82E /* ParseConvenience.swift in Sources */ = {isa = PBXBuildFile; fileRef = 6E657D2C1E55960B000CA82E /* ParseConvenience.swift */; };
		6E659F871EF5523B00A2D727 /* Initial.storyboard in Resources */ = {isa = PBXBuildFile; fileRef = 6E659F851EF5523B00A2D727 /* Initial.storyboard */; };
		6E659F8A1EF5524B00A2D727 /* Posting.storyboard in Resources */ = {isa = PBXBuildFile; fileRef = 6E659F881EF5524B00A2D727 /* Posting.storyboard */; };
		6E659F8D1EF552F300A2D727 /* LogIn.storyboard in Resources */ = {isa = PBXBuildFile; fileRef = 6E659F8B1EF552F300A2D727 /* LogIn.storyboard */; };
		6E7232721E5499B400D754AB /* UdacityConvenience.swift in Sources */ = {isa = PBXBuildFile; fileRef = 6E7232711E5499B400D754AB /* UdacityConvenience.swift */; };
		6E7232751E54AD9200D754AB /* Parse.swift in Sources */ = {isa = PBXBuildFile; fileRef = 6E7232741E54AD9200D754AB /* Parse.swift */; };
		6E7232771E54AE6A00D754AB /* ParseConstants.swift in Sources */ = {isa = PBXBuildFile; fileRef = 6E7232761E54AE6A00D754AB /* ParseConstants.swift */; };
		6E7ABC6E1EF3AE3300CE1651 /* PostViewController.swift in Sources */ = {isa = PBXBuildFile; fileRef = 6E7ABC6D1EF3AE3300CE1651 /* PostViewController.swift */; };
		6E7ABC721EF3B6C400CE1651 /* PostVerificationViewController.swift in Sources */ = {isa = PBXBuildFile; fileRef = 6E7ABC711EF3B6C400CE1651 /* PostVerificationViewController.swift */; };
		6E7ABC741EF3BE0600CE1651 /* DataSource.swift in Sources */ = {isa = PBXBuildFile; fileRef = 6E7ABC731EF3BE0600CE1651 /* DataSource.swift */; };
		6E862EE81E2B56BE00D1067D /* AppDelegate.swift in Sources */ = {isa = PBXBuildFile; fileRef = 6E862EE71E2B56BE00D1067D /* AppDelegate.swift */; };
		6E862EEA1E2B56BE00D1067D /* LogInViewController.swift in Sources */ = {isa = PBXBuildFile; fileRef = 6E862EE91E2B56BE00D1067D /* LogInViewController.swift */; };
		6E862EED1E2B56BE00D1067D /* Main.storyboard in Resources */ = {isa = PBXBuildFile; fileRef = 6E862EEB1E2B56BE00D1067D /* Main.storyboard */; };
		6E862EF01E2B56BE00D1067D /* On_The_Map.xcdatamodeld in Sources */ = {isa = PBXBuildFile; fileRef = 6E862EEE1E2B56BE00D1067D /* On_The_Map.xcdatamodeld */; };
		6E862EF51E2B56BE00D1067D /* LaunchScreen.storyboard in Resources */ = {isa = PBXBuildFile; fileRef = 6E862EF31E2B56BE00D1067D /* LaunchScreen.storyboard */; };
		6E862F001E2B56BF00D1067D /* On_The_MapTests.swift in Sources */ = {isa = PBXBuildFile; fileRef = 6E862EFF1E2B56BF00D1067D /* On_The_MapTests.swift */; };
		6E862F0B1E2B56BF00D1067D /* On_The_MapUITests.swift in Sources */ = {isa = PBXBuildFile; fileRef = 6E862F0A1E2B56BF00D1067D /* On_The_MapUITests.swift */; };
		6E862F191E2B60E300D1067D /* TableViewController.swift in Sources */ = {isa = PBXBuildFile; fileRef = 6E862F181E2B60E300D1067D /* TableViewController.swift */; };
		6E862F1B1E2B613500D1067D /* MapViewController.swift in Sources */ = {isa = PBXBuildFile; fileRef = 6E862F1A1E2B613500D1067D /* MapViewController.swift */; };
		6E862F1F1E2B68B700D1067D /* UIStateController.swift in Sources */ = {isa = PBXBuildFile; fileRef = 6E862F1E1E2B68B700D1067D /* UIStateController.swift */; };
		6EA3DBB21E54881B005FD5BF /* Udacity.swift in Sources */ = {isa = PBXBuildFile; fileRef = 6EA3DBB11E54881B005FD5BF /* Udacity.swift */; };
		6EA3DBB41E548938005FD5BF /* UdacityConstants.swift in Sources */ = {isa = PBXBuildFile; fileRef = 6EA3DBB31E548938005FD5BF /* UdacityConstants.swift */; };
		6ED70F431E2CB913001E8620 /* Bolts.framework in Frameworks */ = {isa = PBXBuildFile; fileRef = 6ED70F3F1E2CB913001E8620 /* Bolts.framework */; };
		6ED70F441E2CB913001E8620 /* FBSDKCoreKit.framework in Frameworks */ = {isa = PBXBuildFile; fileRef = 6ED70F401E2CB913001E8620 /* FBSDKCoreKit.framework */; };
		6ED70F451E2CB913001E8620 /* FBSDKLoginKit.framework in Frameworks */ = {isa = PBXBuildFile; fileRef = 6ED70F411E2CB913001E8620 /* FBSDKLoginKit.framework */; };
		6ED70F461E2CB913001E8620 /* FBSDKShareKit.framework in Frameworks */ = {isa = PBXBuildFile; fileRef = 6ED70F421E2CB913001E8620 /* FBSDKShareKit.framework */; };
		6EEFF2021EF4EF8200A00CCE /* Assets.xcassets in Resources */ = {isa = PBXBuildFile; fileRef = 6EEFF2011EF4EF8200A00CCE /* Assets.xcassets */; };
		6EFE79291EF5247500DC67E3 /* ActivityIndicatorController.swift in Sources */ = {isa = PBXBuildFile; fileRef = 6EFE79281EF5247500DC67E3 /* ActivityIndicatorController.swift */; };
		6EFE792B1EF54BE600DC67E3 /* InitialViewController.swift in Sources */ = {isa = PBXBuildFile; fileRef = 6EFE792A1EF54BE600DC67E3 /* InitialViewController.swift */; };
		928DBCCEE3274DB60AD7B0B8 /* Pods_On_The_MapTests.framework in Frameworks */ = {isa = PBXBuildFile; fileRef = B82E28E1D0D538C61B34047F /* Pods_On_The_MapTests.framework */; };
		C8694540A53D3C1F44898E23 /* Pods_On_The_MapUITests.framework in Frameworks */ = {isa = PBXBuildFile; fileRef = 3967EB889E96FE3B705E4B8D /* Pods_On_The_MapUITests.framework */; };
		EDAD913E2C8D475C3142D95D /* Pods_On_The_Map.framework in Frameworks */ = {isa = PBXBuildFile; fileRef = FB0C3A9F91956C347A4B201C /* Pods_On_The_Map.framework */; };
/* End PBXBuildFile section */

/* Begin PBXContainerItemProxy section */
		6E862EFC1E2B56BF00D1067D /* PBXContainerItemProxy */ = {
			isa = PBXContainerItemProxy;
			containerPortal = 6E862EDC1E2B56BE00D1067D /* Project object */;
			proxyType = 1;
			remoteGlobalIDString = 6E862EE31E2B56BE00D1067D;
			remoteInfo = "On The Map";
		};
		6E862F071E2B56BF00D1067D /* PBXContainerItemProxy */ = {
			isa = PBXContainerItemProxy;
			containerPortal = 6E862EDC1E2B56BE00D1067D /* Project object */;
			proxyType = 1;
			remoteGlobalIDString = 6E862EE31E2B56BE00D1067D;
			remoteInfo = "On The Map";
		};
/* End PBXContainerItemProxy section */

/* Begin PBXFileReference section */
		2F2AAE8F84F9A2989FFF2821 /* Pods-On The MapTests.release.xcconfig */ = {isa = PBXFileReference; includeInIndex = 1; lastKnownFileType = text.xcconfig; name = "Pods-On The MapTests.release.xcconfig"; path = "Pods/Target Support Files/Pods-On The MapTests/Pods-On The MapTests.release.xcconfig"; sourceTree = "<group>"; };
		3967EB889E96FE3B705E4B8D /* Pods_On_The_MapUITests.framework */ = {isa = PBXFileReference; explicitFileType = wrapper.framework; includeInIndex = 0; path = Pods_On_The_MapUITests.framework; sourceTree = BUILT_PRODUCTS_DIR; };
		4FA9F13A73929E8F691D5F4A /* Pods-On The MapUITests.debug.xcconfig */ = {isa = PBXFileReference; includeInIndex = 1; lastKnownFileType = text.xcconfig; name = "Pods-On The MapUITests.debug.xcconfig"; path = "Pods/Target Support Files/Pods-On The MapUITests/Pods-On The MapUITests.debug.xcconfig"; sourceTree = "<group>"; };
		6E325CF21EF5670E00AF3502 /* SafariServices.swift */ = {isa = PBXFileReference; fileEncoding = 4; lastKnownFileType = sourcecode.swift; path = SafariServices.swift; sourceTree = "<group>"; };
		6E325CF41EF56A6C00AF3502 /* AlertViewController.swift */ = {isa = PBXFileReference; fileEncoding = 4; lastKnownFileType = sourcecode.swift; path = AlertViewController.swift; sourceTree = "<group>"; };
		6E325CF61EF56E4700AF3502 /* UITextFieldDelegator.swift */ = {isa = PBXFileReference; fileEncoding = 4; lastKnownFileType = sourcecode.swift; path = UITextFieldDelegator.swift; sourceTree = "<group>"; };
		6E57A33E1E2BFCB600CA828E /* GCDBlackBox.swift */ = {isa = PBXFileReference; fileEncoding = 4; lastKnownFileType = sourcecode.swift; path = GCDBlackBox.swift; sourceTree = "<group>"; };
		6E64243C1EF245C500ED473B /* Student.swift */ = {isa = PBXFileReference; fileEncoding = 4; lastKnownFileType = sourcecode.swift; name = Student.swift; path = "On The Map/Student.swift"; sourceTree = "<group>"; };
		6E64243E1EF245D200ED473B /* Location.swift */ = {isa = PBXFileReference; fileEncoding = 4; lastKnownFileType = sourcecode.swift; name = Location.swift; path = "On The Map/Location.swift"; sourceTree = "<group>"; };
		6E6424401EF27A0600ED473B /* MainViewController.swift */ = {isa = PBXFileReference; fileEncoding = 4; lastKnownFileType = sourcecode.swift; path = MainViewController.swift; sourceTree = "<group>"; };
		6E6424421EF2855700ED473B /* Session.swift */ = {isa = PBXFileReference; fileEncoding = 4; lastKnownFileType = sourcecode.swift; name = Session.swift; path = "On The Map/Session.swift"; sourceTree = "<group>"; };
		6E657D2C1E55960B000CA82E /* ParseConvenience.swift */ = {isa = PBXFileReference; fileEncoding = 4; lastKnownFileType = sourcecode.swift; name = ParseConvenience.swift; path = "On The Map/ParseConvenience.swift"; sourceTree = "<group>"; };
		6E659F861EF5523B00A2D727 /* Base */ = {isa = PBXFileReference; lastKnownFileType = file.storyboard; name = Base; path = Base.lproj/Initial.storyboard; sourceTree = "<group>"; };
		6E659F891EF5524B00A2D727 /* Base */ = {isa = PBXFileReference; lastKnownFileType = file.storyboard; name = Base; path = Base.lproj/Posting.storyboard; sourceTree = "<group>"; };
		6E659F8C1EF552F300A2D727 /* Base */ = {isa = PBXFileReference; lastKnownFileType = file.storyboard; name = Base; path = Base.lproj/LogIn.storyboard; sourceTree = "<group>"; };
		6E7232711E5499B400D754AB /* UdacityConvenience.swift */ = {isa = PBXFileReference; fileEncoding = 4; lastKnownFileType = sourcecode.swift; name = UdacityConvenience.swift; path = "On The Map/UdacityConvenience.swift"; sourceTree = "<group>"; };
		6E7232741E54AD9200D754AB /* Parse.swift */ = {isa = PBXFileReference; fileEncoding = 4; lastKnownFileType = sourcecode.swift; name = Parse.swift; path = "On The Map/Parse.swift"; sourceTree = "<group>"; };
		6E7232761E54AE6A00D754AB /* ParseConstants.swift */ = {isa = PBXFileReference; fileEncoding = 4; lastKnownFileType = sourcecode.swift; name = ParseConstants.swift; path = "On The Map/ParseConstants.swift"; sourceTree = "<group>"; };
		6E7ABC6D1EF3AE3300CE1651 /* PostViewController.swift */ = {isa = PBXFileReference; fileEncoding = 4; lastKnownFileType = sourcecode.swift; path = PostViewController.swift; sourceTree = "<group>"; };
		6E7ABC711EF3B6C400CE1651 /* PostVerificationViewController.swift */ = {isa = PBXFileReference; fileEncoding = 4; lastKnownFileType = sourcecode.swift; path = PostVerificationViewController.swift; sourceTree = "<group>"; };
		6E7ABC731EF3BE0600CE1651 /* DataSource.swift */ = {isa = PBXFileReference; fileEncoding = 4; lastKnownFileType = sourcecode.swift; name = DataSource.swift; path = "On The Map/DataSource.swift"; sourceTree = "<group>"; };
		6E862EE41E2B56BE00D1067D /* On The Map.app */ = {isa = PBXFileReference; explicitFileType = wrapper.application; includeInIndex = 0; path = "On The Map.app"; sourceTree = BUILT_PRODUCTS_DIR; };
		6E862EE71E2B56BE00D1067D /* AppDelegate.swift */ = {isa = PBXFileReference; lastKnownFileType = sourcecode.swift; path = AppDelegate.swift; sourceTree = "<group>"; };
		6E862EE91E2B56BE00D1067D /* LogInViewController.swift */ = {isa = PBXFileReference; lastKnownFileType = sourcecode.swift; path = LogInViewController.swift; sourceTree = "<group>"; };
		6E862EEC1E2B56BE00D1067D /* Base */ = {isa = PBXFileReference; lastKnownFileType = file.storyboard; name = Base; path = Base.lproj/Main.storyboard; sourceTree = "<group>"; };
		6E862EEF1E2B56BE00D1067D /* On_The_Map.xcdatamodel */ = {isa = PBXFileReference; lastKnownFileType = wrapper.xcdatamodel; path = On_The_Map.xcdatamodel; sourceTree = "<group>"; };
		6E862EF41E2B56BE00D1067D /* Base */ = {isa = PBXFileReference; lastKnownFileType = file.storyboard; name = Base; path = Base.lproj/LaunchScreen.storyboard; sourceTree = "<group>"; };
		6E862EF61E2B56BE00D1067D /* Info.plist */ = {isa = PBXFileReference; lastKnownFileType = text.plist.xml; path = Info.plist; sourceTree = "<group>"; };
		6E862EFB1E2B56BF00D1067D /* On The MapTests.xctest */ = {isa = PBXFileReference; explicitFileType = wrapper.cfbundle; includeInIndex = 0; path = "On The MapTests.xctest"; sourceTree = BUILT_PRODUCTS_DIR; };
		6E862EFF1E2B56BF00D1067D /* On_The_MapTests.swift */ = {isa = PBXFileReference; lastKnownFileType = sourcecode.swift; path = On_The_MapTests.swift; sourceTree = "<group>"; };
		6E862F011E2B56BF00D1067D /* Info.plist */ = {isa = PBXFileReference; lastKnownFileType = text.plist.xml; path = Info.plist; sourceTree = "<group>"; };
		6E862F061E2B56BF00D1067D /* On The MapUITests.xctest */ = {isa = PBXFileReference; explicitFileType = wrapper.cfbundle; includeInIndex = 0; path = "On The MapUITests.xctest"; sourceTree = BUILT_PRODUCTS_DIR; };
		6E862F0A1E2B56BF00D1067D /* On_The_MapUITests.swift */ = {isa = PBXFileReference; lastKnownFileType = sourcecode.swift; path = On_The_MapUITests.swift; sourceTree = "<group>"; };
		6E862F0C1E2B56BF00D1067D /* Info.plist */ = {isa = PBXFileReference; lastKnownFileType = text.plist.xml; path = Info.plist; sourceTree = "<group>"; };
		6E862F181E2B60E300D1067D /* TableViewController.swift */ = {isa = PBXFileReference; fileEncoding = 4; lastKnownFileType = sourcecode.swift; path = TableViewController.swift; sourceTree = "<group>"; };
		6E862F1A1E2B613500D1067D /* MapViewController.swift */ = {isa = PBXFileReference; fileEncoding = 4; lastKnownFileType = sourcecode.swift; path = MapViewController.swift; sourceTree = "<group>"; };
		6E862F1E1E2B68B700D1067D /* UIStateController.swift */ = {isa = PBXFileReference; fileEncoding = 4; lastKnownFileType = sourcecode.swift; path = UIStateController.swift; sourceTree = "<group>"; };
		6EA3DBB11E54881B005FD5BF /* Udacity.swift */ = {isa = PBXFileReference; fileEncoding = 4; lastKnownFileType = sourcecode.swift; name = Udacity.swift; path = "On The Map/Udacity.swift"; sourceTree = "<group>"; };
		6EA3DBB31E548938005FD5BF /* UdacityConstants.swift */ = {isa = PBXFileReference; fileEncoding = 4; lastKnownFileType = sourcecode.swift; name = UdacityConstants.swift; path = "On The Map/UdacityConstants.swift"; sourceTree = "<group>"; };
		6ED70F3F1E2CB913001E8620 /* Bolts.framework */ = {isa = PBXFileReference; lastKnownFileType = wrapper.framework; name = Bolts.framework; path = "../../Documents/FacebookSDKs-iOS-4.18.0/Bolts.framework"; sourceTree = "<group>"; };
		6ED70F401E2CB913001E8620 /* FBSDKCoreKit.framework */ = {isa = PBXFileReference; lastKnownFileType = wrapper.framework; name = FBSDKCoreKit.framework; path = "../../Documents/FacebookSDKs-iOS-4.18.0/FBSDKCoreKit.framework"; sourceTree = "<group>"; };
		6ED70F411E2CB913001E8620 /* FBSDKLoginKit.framework */ = {isa = PBXFileReference; lastKnownFileType = wrapper.framework; name = FBSDKLoginKit.framework; path = "../../Documents/FacebookSDKs-iOS-4.18.0/FBSDKLoginKit.framework"; sourceTree = "<group>"; };
		6ED70F421E2CB913001E8620 /* FBSDKShareKit.framework */ = {isa = PBXFileReference; lastKnownFileType = wrapper.framework; name = FBSDKShareKit.framework; path = "../../Documents/FacebookSDKs-iOS-4.18.0/FBSDKShareKit.framework"; sourceTree = "<group>"; };
		6EEFF2011EF4EF8200A00CCE /* Assets.xcassets */ = {isa = PBXFileReference; lastKnownFileType = folder.assetcatalog; path = Assets.xcassets; sourceTree = "<group>"; };
		6EFE79281EF5247500DC67E3 /* ActivityIndicatorController.swift */ = {isa = PBXFileReference; fileEncoding = 4; lastKnownFileType = sourcecode.swift; path = ActivityIndicatorController.swift; sourceTree = "<group>"; };
		6EFE792A1EF54BE600DC67E3 /* InitialViewController.swift */ = {isa = PBXFileReference; fileEncoding = 4; lastKnownFileType = sourcecode.swift; path = InitialViewController.swift; sourceTree = "<group>"; };
		852CCE917ADE5F075E2BF053 /* Pods-On The Map.debug.xcconfig */ = {isa = PBXFileReference; includeInIndex = 1; lastKnownFileType = text.xcconfig; name = "Pods-On The Map.debug.xcconfig"; path = "Pods/Target Support Files/Pods-On The Map/Pods-On The Map.debug.xcconfig"; sourceTree = "<group>"; };
		9A6CCDDD553B1BF25C4AFF58 /* Pods-On The MapTests.debug.xcconfig */ = {isa = PBXFileReference; includeInIndex = 1; lastKnownFileType = text.xcconfig; name = "Pods-On The MapTests.debug.xcconfig"; path = "Pods/Target Support Files/Pods-On The MapTests/Pods-On The MapTests.debug.xcconfig"; sourceTree = "<group>"; };
		B0106C94A6F379DAFDFACFA0 /* Pods-On The Map.release.xcconfig */ = {isa = PBXFileReference; includeInIndex = 1; lastKnownFileType = text.xcconfig; name = "Pods-On The Map.release.xcconfig"; path = "Pods/Target Support Files/Pods-On The Map/Pods-On The Map.release.xcconfig"; sourceTree = "<group>"; };
		B82E28E1D0D538C61B34047F /* Pods_On_The_MapTests.framework */ = {isa = PBXFileReference; explicitFileType = wrapper.framework; includeInIndex = 0; path = Pods_On_The_MapTests.framework; sourceTree = BUILT_PRODUCTS_DIR; };
		F10BBF6AC1A8C72D509879FE /* Pods-On The MapUITests.release.xcconfig */ = {isa = PBXFileReference; includeInIndex = 1; lastKnownFileType = text.xcconfig; name = "Pods-On The MapUITests.release.xcconfig"; path = "Pods/Target Support Files/Pods-On The MapUITests/Pods-On The MapUITests.release.xcconfig"; sourceTree = "<group>"; };
		FB0C3A9F91956C347A4B201C /* Pods_On_The_Map.framework */ = {isa = PBXFileReference; explicitFileType = wrapper.framework; includeInIndex = 0; path = Pods_On_The_Map.framework; sourceTree = BUILT_PRODUCTS_DIR; };
/* End PBXFileReference section */

/* Begin PBXFrameworksBuildPhase section */
		6E862EE11E2B56BE00D1067D /* Frameworks */ = {
			isa = PBXFrameworksBuildPhase;
			buildActionMask = 2147483647;
			files = (
				6ED70F431E2CB913001E8620 /* Bolts.framework in Frameworks */,
				6ED70F441E2CB913001E8620 /* FBSDKCoreKit.framework in Frameworks */,
				6ED70F451E2CB913001E8620 /* FBSDKLoginKit.framework in Frameworks */,
				6ED70F461E2CB913001E8620 /* FBSDKShareKit.framework in Frameworks */,
				EDAD913E2C8D475C3142D95D /* Pods_On_The_Map.framework in Frameworks */,
			);
			runOnlyForDeploymentPostprocessing = 0;
		};
		6E862EF81E2B56BF00D1067D /* Frameworks */ = {
			isa = PBXFrameworksBuildPhase;
			buildActionMask = 2147483647;
			files = (
				928DBCCEE3274DB60AD7B0B8 /* Pods_On_The_MapTests.framework in Frameworks */,
			);
			runOnlyForDeploymentPostprocessing = 0;
		};
		6E862F031E2B56BF00D1067D /* Frameworks */ = {
			isa = PBXFrameworksBuildPhase;
			buildActionMask = 2147483647;
			files = (
				C8694540A53D3C1F44898E23 /* Pods_On_The_MapUITests.framework in Frameworks */,
			);
			runOnlyForDeploymentPostprocessing = 0;
		};
/* End PBXFrameworksBuildPhase section */

/* Begin PBXGroup section */
		13CB700A93A1994DB16F3F56 /* Pods */ = {
			isa = PBXGroup;
			children = (
				852CCE917ADE5F075E2BF053 /* Pods-On The Map.debug.xcconfig */,
				B0106C94A6F379DAFDFACFA0 /* Pods-On The Map.release.xcconfig */,
				9A6CCDDD553B1BF25C4AFF58 /* Pods-On The MapTests.debug.xcconfig */,
				2F2AAE8F84F9A2989FFF2821 /* Pods-On The MapTests.release.xcconfig */,
				4FA9F13A73929E8F691D5F4A /* Pods-On The MapUITests.debug.xcconfig */,
				F10BBF6AC1A8C72D509879FE /* Pods-On The MapUITests.release.xcconfig */,
			);
			name = Pods;
			sourceTree = "<group>";
		};
		1E51924A4C8AB87F42DE8030 /* Frameworks */ = {
			isa = PBXGroup;
			children = (
				6ED70F3F1E2CB913001E8620 /* Bolts.framework */,
				6ED70F401E2CB913001E8620 /* FBSDKCoreKit.framework */,
				6ED70F411E2CB913001E8620 /* FBSDKLoginKit.framework */,
				6ED70F421E2CB913001E8620 /* FBSDKShareKit.framework */,
				FB0C3A9F91956C347A4B201C /* Pods_On_The_Map.framework */,
				B82E28E1D0D538C61B34047F /* Pods_On_The_MapTests.framework */,
				3967EB889E96FE3B705E4B8D /* Pods_On_The_MapUITests.framework */,
			);
			name = Frameworks;
			sourceTree = "<group>";
		};
		6E57A3401E2C698B00CA828E /* Controller */ = {
			isa = PBXGroup;
			children = (
				6EFE792A1EF54BE600DC67E3 /* InitialViewController.swift */,
				6E862EE91E2B56BE00D1067D /* LogInViewController.swift */,
				6E6424401EF27A0600ED473B /* MainViewController.swift */,
				6E862F1A1E2B613500D1067D /* MapViewController.swift */,
				6E862F181E2B60E300D1067D /* TableViewController.swift */,
				6E7ABC6D1EF3AE3300CE1651 /* PostViewController.swift */,
				6E7ABC711EF3B6C400CE1651 /* PostVerificationViewController.swift */,
			);
			name = Controller;
			sourceTree = "<group>";
		};
		6E72326E1E54934900D754AB /* Asset */ = {
			isa = PBXGroup;
			children = (
				6EEFF2011EF4EF8200A00CCE /* Assets.xcassets */,
				6E862EEB1E2B56BE00D1067D /* Main.storyboard */,
				6E659F8B1EF552F300A2D727 /* LogIn.storyboard */,
				6E659F851EF5523B00A2D727 /* Initial.storyboard */,
				6E659F881EF5524B00A2D727 /* Posting.storyboard */,
				6E862EF31E2B56BE00D1067D /* LaunchScreen.storyboard */,
			);
			name = Asset;
			sourceTree = "<group>";
		};
		6E72326F1E54936100D754AB /* View */ = {
			isa = PBXGroup;
			children = (
				6E325CF21EF5670E00AF3502 /* SafariServices.swift */,
				6E862F1E1E2B68B700D1067D /* UIStateController.swift */,
				6EFE79281EF5247500DC67E3 /* ActivityIndicatorController.swift */,
				6E325CF41EF56A6C00AF3502 /* AlertViewController.swift */,
				6E325CF61EF56E4700AF3502 /* UITextFieldDelegator.swift */,
			);
			name = View;
			sourceTree = "<group>";
		};
		6E7232701E54937500D754AB /* Supporting Files */ = {
			isa = PBXGroup;
			children = (
				6E862EF61E2B56BE00D1067D /* Info.plist */,
				6E862EEE1E2B56BE00D1067D /* On_The_Map.xcdatamodeld */,
			);
			name = "Supporting Files";
			path = "On The Map";
			sourceTree = "<group>";
		};
		6E7232731E54AD7A00D754AB /* Parse */ = {
			isa = PBXGroup;
			children = (
				6E7232741E54AD9200D754AB /* Parse.swift */,
				6E7232761E54AE6A00D754AB /* ParseConstants.swift */,
				6E657D2C1E55960B000CA82E /* ParseConvenience.swift */,
			);
			name = Parse;
			sourceTree = "<group>";
		};
		6E862EDB1E2B56BE00D1067D = {
			isa = PBXGroup;
			children = (
				6E862EE61E2B56BE00D1067D /* On The Map */,
				6E7232701E54937500D754AB /* Supporting Files */,
				6E862EFE1E2B56BF00D1067D /* On The MapTests */,
				6E862F091E2B56BF00D1067D /* On The MapUITests */,
				6E862EE51E2B56BE00D1067D /* Products */,
				13CB700A93A1994DB16F3F56 /* Pods */,
				1E51924A4C8AB87F42DE8030 /* Frameworks */,
			);
			sourceTree = "<group>";
		};
		6E862EE51E2B56BE00D1067D /* Products */ = {
			isa = PBXGroup;
			children = (
				6E862EE41E2B56BE00D1067D /* On The Map.app */,
				6E862EFB1E2B56BF00D1067D /* On The MapTests.xctest */,
				6E862F061E2B56BF00D1067D /* On The MapUITests.xctest */,
			);
			name = Products;
			sourceTree = "<group>";
		};
		6E862EE61E2B56BE00D1067D /* On The Map */ = {
			isa = PBXGroup;
			children = (
				6E862EE71E2B56BE00D1067D /* AppDelegate.swift */,
				6E57A33E1E2BFCB600CA828E /* GCDBlackBox.swift */,
				6E72326F1E54936100D754AB /* View */,
				6E57A3401E2C698B00CA828E /* Controller */,
				6EA3DBAF1E54879D005FD5BF /* Clients */,
				6EA3DBAE1E548790005FD5BF /* Model */,
				6E72326E1E54934900D754AB /* Asset */,
			);
			path = "On The Map";
			sourceTree = "<group>";
		};
		6E862EFE1E2B56BF00D1067D /* On The MapTests */ = {
			isa = PBXGroup;
			children = (
				6E862EFF1E2B56BF00D1067D /* On_The_MapTests.swift */,
				6E862F011E2B56BF00D1067D /* Info.plist */,
			);
			path = "On The MapTests";
			sourceTree = "<group>";
		};
		6E862F091E2B56BF00D1067D /* On The MapUITests */ = {
			isa = PBXGroup;
			children = (
				6E862F0A1E2B56BF00D1067D /* On_The_MapUITests.swift */,
				6E862F0C1E2B56BF00D1067D /* Info.plist */,
			);
			path = "On The MapUITests";
			sourceTree = "<group>";
		};
		6EA3DBAE1E548790005FD5BF /* Model */ = {
			isa = PBXGroup;
			children = (
				6E7ABC731EF3BE0600CE1651 /* DataSource.swift */,
				6E64243C1EF245C500ED473B /* Student.swift */,
				6E64243E1EF245D200ED473B /* Location.swift */,
				6E6424421EF2855700ED473B /* Session.swift */,
			);
			name = Model;
			path = ..;
			sourceTree = "<group>";
		};
		6EA3DBAF1E54879D005FD5BF /* Clients */ = {
			isa = PBXGroup;
			children = (
				6E7232731E54AD7A00D754AB /* Parse */,
				6EA3DBB01E5487A8005FD5BF /* Udacity */,
			);
			name = Clients;
			path = ..;
			sourceTree = "<group>";
		};
		6EA3DBB01E5487A8005FD5BF /* Udacity */ = {
			isa = PBXGroup;
			children = (
				6EA3DBB11E54881B005FD5BF /* Udacity.swift */,
				6EA3DBB31E548938005FD5BF /* UdacityConstants.swift */,
				6E7232711E5499B400D754AB /* UdacityConvenience.swift */,
			);
			name = Udacity;
			sourceTree = "<group>";
		};
/* End PBXGroup section */

/* Begin PBXNativeTarget section */
		6E862EE31E2B56BE00D1067D /* On The Map */ = {
			isa = PBXNativeTarget;
			buildConfigurationList = 6E862F0F1E2B56BF00D1067D /* Build configuration list for PBXNativeTarget "On The Map" */;
			buildPhases = (
				2B1C5C00CAC202081703E543 /* [CP] Check Pods Manifest.lock */,
				6E862EE01E2B56BE00D1067D /* Sources */,
				6E862EE11E2B56BE00D1067D /* Frameworks */,
				6E862EE21E2B56BE00D1067D /* Resources */,
				FD3CC56FE9A9A496F99E6FD7 /* [CP] Embed Pods Frameworks */,
				C52CB140E52955A7255C8FC4 /* [CP] Copy Pods Resources */,
			);
			buildRules = (
			);
			dependencies = (
			);
			name = "On The Map";
			productName = "On The Map";
			productReference = 6E862EE41E2B56BE00D1067D /* On The Map.app */;
			productType = "com.apple.product-type.application";
		};
		6E862EFA1E2B56BF00D1067D /* On The MapTests */ = {
			isa = PBXNativeTarget;
			buildConfigurationList = 6E862F121E2B56BF00D1067D /* Build configuration list for PBXNativeTarget "On The MapTests" */;
			buildPhases = (
				63EC855759735D06092E31B2 /* [CP] Check Pods Manifest.lock */,
				6E862EF71E2B56BF00D1067D /* Sources */,
				6E862EF81E2B56BF00D1067D /* Frameworks */,
				6E862EF91E2B56BF00D1067D /* Resources */,
				80A78CA24E1368F955D9BC65 /* [CP] Embed Pods Frameworks */,
				8DA3DC6DB4C0373CF7B66AAC /* [CP] Copy Pods Resources */,
			);
			buildRules = (
			);
			dependencies = (
				6E862EFD1E2B56BF00D1067D /* PBXTargetDependency */,
			);
			name = "On The MapTests";
			productName = "On The MapTests";
			productReference = 6E862EFB1E2B56BF00D1067D /* On The MapTests.xctest */;
			productType = "com.apple.product-type.bundle.unit-test";
		};
		6E862F051E2B56BF00D1067D /* On The MapUITests */ = {
			isa = PBXNativeTarget;
			buildConfigurationList = 6E862F151E2B56BF00D1067D /* Build configuration list for PBXNativeTarget "On The MapUITests" */;
			buildPhases = (
				CDAAD4F8390B9A10B679A909 /* [CP] Check Pods Manifest.lock */,
				6E862F021E2B56BF00D1067D /* Sources */,
				6E862F031E2B56BF00D1067D /* Frameworks */,
				6E862F041E2B56BF00D1067D /* Resources */,
				E0AC5197814C0C772B3FF7FC /* [CP] Embed Pods Frameworks */,
				FA38A626B56260F8863995C3 /* [CP] Copy Pods Resources */,
			);
			buildRules = (
			);
			dependencies = (
				6E862F081E2B56BF00D1067D /* PBXTargetDependency */,
			);
			name = "On The MapUITests";
			productName = "On The MapUITests";
			productReference = 6E862F061E2B56BF00D1067D /* On The MapUITests.xctest */;
			productType = "com.apple.product-type.bundle.ui-testing";
		};
/* End PBXNativeTarget section */

/* Begin PBXProject section */
		6E862EDC1E2B56BE00D1067D /* Project object */ = {
			isa = PBXProject;
			attributes = {
				LastSwiftUpdateCheck = 0820;
				LastUpgradeCheck = 0820;
				ORGANIZATIONNAME = zulwiyozaputra;
				TargetAttributes = {
					6E862EE31E2B56BE00D1067D = {
						CreatedOnToolsVersion = 8.2;
						DevelopmentTeam = 44VVQHZS45;
						ProvisioningStyle = Automatic;
					};
					6E862EFA1E2B56BF00D1067D = {
						CreatedOnToolsVersion = 8.2;
						DevelopmentTeam = 44VVQHZS45;
						ProvisioningStyle = Automatic;
						TestTargetID = 6E862EE31E2B56BE00D1067D;
					};
					6E862F051E2B56BF00D1067D = {
						CreatedOnToolsVersion = 8.2;
						DevelopmentTeam = 44VVQHZS45;
						ProvisioningStyle = Automatic;
						TestTargetID = 6E862EE31E2B56BE00D1067D;
					};
				};
			};
			buildConfigurationList = 6E862EDF1E2B56BE00D1067D /* Build configuration list for PBXProject "On The Map" */;
			compatibilityVersion = "Xcode 3.2";
			developmentRegion = English;
			hasScannedForEncodings = 0;
			knownRegions = (
				en,
				Base,
			);
			mainGroup = 6E862EDB1E2B56BE00D1067D;
			productRefGroup = 6E862EE51E2B56BE00D1067D /* Products */;
			projectDirPath = "";
			projectRoot = "";
			targets = (
				6E862EE31E2B56BE00D1067D /* On The Map */,
				6E862EFA1E2B56BF00D1067D /* On The MapTests */,
				6E862F051E2B56BF00D1067D /* On The MapUITests */,
			);
		};
/* End PBXProject section */

/* Begin PBXResourcesBuildPhase section */
		6E862EE21E2B56BE00D1067D /* Resources */ = {
			isa = PBXResourcesBuildPhase;
			buildActionMask = 2147483647;
			files = (
				6E862EF51E2B56BE00D1067D /* LaunchScreen.storyboard in Resources */,
				6EEFF2021EF4EF8200A00CCE /* Assets.xcassets in Resources */,
				6E659F8D1EF552F300A2D727 /* LogIn.storyboard in Resources */,
				6E659F8A1EF5524B00A2D727 /* Posting.storyboard in Resources */,
				6E862EED1E2B56BE00D1067D /* Main.storyboard in Resources */,
				6E659F871EF5523B00A2D727 /* Initial.storyboard in Resources */,
			);
			runOnlyForDeploymentPostprocessing = 0;
		};
		6E862EF91E2B56BF00D1067D /* Resources */ = {
			isa = PBXResourcesBuildPhase;
			buildActionMask = 2147483647;
			files = (
			);
			runOnlyForDeploymentPostprocessing = 0;
		};
		6E862F041E2B56BF00D1067D /* Resources */ = {
			isa = PBXResourcesBuildPhase;
			buildActionMask = 2147483647;
			files = (
			);
			runOnlyForDeploymentPostprocessing = 0;
		};
/* End PBXResourcesBuildPhase section */

/* Begin PBXShellScriptBuildPhase section */
		2B1C5C00CAC202081703E543 /* [CP] Check Pods Manifest.lock */ = {
			isa = PBXShellScriptBuildPhase;
			buildActionMask = 2147483647;
			files = (
			);
			inputPaths = (
			);
			name = "[CP] Check Pods Manifest.lock";
			outputPaths = (
			);
			runOnlyForDeploymentPostprocessing = 0;
			shellPath = /bin/sh;
			shellScript = "diff \"${PODS_ROOT}/../Podfile.lock\" \"${PODS_ROOT}/Manifest.lock\" > /dev/null\nif [ $? != 0 ] ; then\n    # print error to STDERR\n    echo \"error: The sandbox is not in sync with the Podfile.lock. Run 'pod install' or update your CocoaPods installation.\" >&2\n    exit 1\nfi\n";
			showEnvVarsInLog = 0;
		};
		63EC855759735D06092E31B2 /* [CP] Check Pods Manifest.lock */ = {
			isa = PBXShellScriptBuildPhase;
			buildActionMask = 2147483647;
			files = (
			);
			inputPaths = (
			);
			name = "[CP] Check Pods Manifest.lock";
			outputPaths = (
			);
			runOnlyForDeploymentPostprocessing = 0;
			shellPath = /bin/sh;
			shellScript = "diff \"${PODS_ROOT}/../Podfile.lock\" \"${PODS_ROOT}/Manifest.lock\" > /dev/null\nif [ $? != 0 ] ; then\n    # print error to STDERR\n    echo \"error: The sandbox is not in sync with the Podfile.lock. Run 'pod install' or update your CocoaPods installation.\" >&2\n    exit 1\nfi\n";
			showEnvVarsInLog = 0;
		};
		80A78CA24E1368F955D9BC65 /* [CP] Embed Pods Frameworks */ = {
			isa = PBXShellScriptBuildPhase;
			buildActionMask = 2147483647;
			files = (
			);
			inputPaths = (
			);
			name = "[CP] Embed Pods Frameworks";
			outputPaths = (
			);
			runOnlyForDeploymentPostprocessing = 0;
			shellPath = /bin/sh;
			shellScript = "\"${SRCROOT}/Pods/Target Support Files/Pods-On The MapTests/Pods-On The MapTests-frameworks.sh\"\n";
			showEnvVarsInLog = 0;
		};
		8DA3DC6DB4C0373CF7B66AAC /* [CP] Copy Pods Resources */ = {
			isa = PBXShellScriptBuildPhase;
			buildActionMask = 2147483647;
			files = (
			);
			inputPaths = (
			);
			name = "[CP] Copy Pods Resources";
			outputPaths = (
			);
			runOnlyForDeploymentPostprocessing = 0;
			shellPath = /bin/sh;
			shellScript = "\"${SRCROOT}/Pods/Target Support Files/Pods-On The MapTests/Pods-On The MapTests-resources.sh\"\n";
			showEnvVarsInLog = 0;
		};
		C52CB140E52955A7255C8FC4 /* [CP] Copy Pods Resources */ = {
			isa = PBXShellScriptBuildPhase;
			buildActionMask = 2147483647;
			files = (
			);
			inputPaths = (
			);
			name = "[CP] Copy Pods Resources";
			outputPaths = (
			);
			runOnlyForDeploymentPostprocessing = 0;
			shellPath = /bin/sh;
			shellScript = "\"${SRCROOT}/Pods/Target Support Files/Pods-On The Map/Pods-On The Map-resources.sh\"\n";
			showEnvVarsInLog = 0;
		};
		CDAAD4F8390B9A10B679A909 /* [CP] Check Pods Manifest.lock */ = {
			isa = PBXShellScriptBuildPhase;
			buildActionMask = 2147483647;
			files = (
			);
			inputPaths = (
			);
			name = "[CP] Check Pods Manifest.lock";
			outputPaths = (
			);
			runOnlyForDeploymentPostprocessing = 0;
			shellPath = /bin/sh;
			shellScript = "diff \"${PODS_ROOT}/../Podfile.lock\" \"${PODS_ROOT}/Manifest.lock\" > /dev/null\nif [ $? != 0 ] ; then\n    # print error to STDERR\n    echo \"error: The sandbox is not in sync with the Podfile.lock. Run 'pod install' or update your CocoaPods installation.\" >&2\n    exit 1\nfi\n";
			showEnvVarsInLog = 0;
		};
		E0AC5197814C0C772B3FF7FC /* [CP] Embed Pods Frameworks */ = {
			isa = PBXShellScriptBuildPhase;
			buildActionMask = 2147483647;
			files = (
			);
			inputPaths = (
			);
			name = "[CP] Embed Pods Frameworks";
			outputPaths = (
			);
			runOnlyForDeploymentPostprocessing = 0;
			shellPath = /bin/sh;
			shellScript = "\"${SRCROOT}/Pods/Target Support Files/Pods-On The MapUITests/Pods-On The MapUITests-frameworks.sh\"\n";
			showEnvVarsInLog = 0;
		};
		FA38A626B56260F8863995C3 /* [CP] Copy Pods Resources */ = {
			isa = PBXShellScriptBuildPhase;
			buildActionMask = 2147483647;
			files = (
			);
			inputPaths = (
			);
			name = "[CP] Copy Pods Resources";
			outputPaths = (
			);
			runOnlyForDeploymentPostprocessing = 0;
			shellPath = /bin/sh;
			shellScript = "\"${SRCROOT}/Pods/Target Support Files/Pods-On The MapUITests/Pods-On The MapUITests-resources.sh\"\n";
			showEnvVarsInLog = 0;
		};
		FD3CC56FE9A9A496F99E6FD7 /* [CP] Embed Pods Frameworks */ = {
			isa = PBXShellScriptBuildPhase;
			buildActionMask = 2147483647;
			files = (
			);
			inputPaths = (
			);
			name = "[CP] Embed Pods Frameworks";
			outputPaths = (
			);
			runOnlyForDeploymentPostprocessing = 0;
			shellPath = /bin/sh;
			shellScript = "\"${SRCROOT}/Pods/Target Support Files/Pods-On The Map/Pods-On The Map-frameworks.sh\"\n";
			showEnvVarsInLog = 0;
		};
/* End PBXShellScriptBuildPhase section */

/* Begin PBXSourcesBuildPhase section */
		6E862EE01E2B56BE00D1067D /* Sources */ = {
			isa = PBXSourcesBuildPhase;
			buildActionMask = 2147483647;
			files = (
				6E7ABC741EF3BE0600CE1651 /* DataSource.swift in Sources */,
				6E57A33F1E2BFCB600CA828E /* GCDBlackBox.swift in Sources */,
				6E6424431EF2855700ED473B /* Session.swift in Sources */,
				6EA3DBB41E548938005FD5BF /* UdacityConstants.swift in Sources */,
				6E862F1B1E2B613500D1067D /* MapViewController.swift in Sources */,
				6E7232721E5499B400D754AB /* UdacityConvenience.swift in Sources */,
				6E862F1F1E2B68B700D1067D /* UIStateController.swift in Sources */,
				6E64243D1EF245C500ED473B /* Student.swift in Sources */,
				6E7ABC6E1EF3AE3300CE1651 /* PostViewController.swift in Sources */,
				6E7ABC721EF3B6C400CE1651 /* PostVerificationViewController.swift in Sources */,
				6E862EEA1E2B56BE00D1067D /* LogInViewController.swift in Sources */,
				6E6424411EF27A0600ED473B /* MainViewController.swift in Sources */,
				6E64243F1EF245D200ED473B /* Location.swift in Sources */,
				6EFE792B1EF54BE600DC67E3 /* InitialViewController.swift in Sources */,
				6E325CF31EF5670E00AF3502 /* SafariServices.swift in Sources */,
				6E325CF71EF56E4700AF3502 /* UITextFieldDelegator.swift in Sources */,
				6E862F191E2B60E300D1067D /* TableViewController.swift in Sources */,
				6E862EF01E2B56BE00D1067D /* On_The_Map.xcdatamodeld in Sources */,
				6EFE79291EF5247500DC67E3 /* ActivityIndicatorController.swift in Sources */,
				6E657D2D1E55960B000CA82E /* ParseConvenience.swift in Sources */,
				6E325CF51EF56A6C00AF3502 /* AlertViewController.swift in Sources */,
				6E862EE81E2B56BE00D1067D /* AppDelegate.swift in Sources */,
				6EA3DBB21E54881B005FD5BF /* Udacity.swift in Sources */,
				6E7232751E54AD9200D754AB /* Parse.swift in Sources */,
				6E7232771E54AE6A00D754AB /* ParseConstants.swift in Sources */,
			);
			runOnlyForDeploymentPostprocessing = 0;
		};
		6E862EF71E2B56BF00D1067D /* Sources */ = {
			isa = PBXSourcesBuildPhase;
			buildActionMask = 2147483647;
			files = (
				6E862F001E2B56BF00D1067D /* On_The_MapTests.swift in Sources */,
			);
			runOnlyForDeploymentPostprocessing = 0;
		};
		6E862F021E2B56BF00D1067D /* Sources */ = {
			isa = PBXSourcesBuildPhase;
			buildActionMask = 2147483647;
			files = (
				6E862F0B1E2B56BF00D1067D /* On_The_MapUITests.swift in Sources */,
			);
			runOnlyForDeploymentPostprocessing = 0;
		};
/* End PBXSourcesBuildPhase section */

/* Begin PBXTargetDependency section */
		6E862EFD1E2B56BF00D1067D /* PBXTargetDependency */ = {
			isa = PBXTargetDependency;
			target = 6E862EE31E2B56BE00D1067D /* On The Map */;
			targetProxy = 6E862EFC1E2B56BF00D1067D /* PBXContainerItemProxy */;
		};
		6E862F081E2B56BF00D1067D /* PBXTargetDependency */ = {
			isa = PBXTargetDependency;
			target = 6E862EE31E2B56BE00D1067D /* On The Map */;
			targetProxy = 6E862F071E2B56BF00D1067D /* PBXContainerItemProxy */;
		};
/* End PBXTargetDependency section */

/* Begin PBXVariantGroup section */
		6E659F851EF5523B00A2D727 /* Initial.storyboard */ = {
			isa = PBXVariantGroup;
			children = (
				6E659F861EF5523B00A2D727 /* Base */,
			);
			name = Initial.storyboard;
			sourceTree = "<group>";
		};
		6E659F881EF5524B00A2D727 /* Posting.storyboard */ = {
			isa = PBXVariantGroup;
			children = (
				6E659F891EF5524B00A2D727 /* Base */,
			);
			name = Posting.storyboard;
			sourceTree = "<group>";
		};
		6E659F8B1EF552F300A2D727 /* LogIn.storyboard */ = {
			isa = PBXVariantGroup;
			children = (
				6E659F8C1EF552F300A2D727 /* Base */,
			);
			name = LogIn.storyboard;
			sourceTree = "<group>";
		};
		6E862EEB1E2B56BE00D1067D /* Main.storyboard */ = {
			isa = PBXVariantGroup;
			children = (
				6E862EEC1E2B56BE00D1067D /* Base */,
			);
			name = Main.storyboard;
			sourceTree = "<group>";
		};
		6E862EF31E2B56BE00D1067D /* LaunchScreen.storyboard */ = {
			isa = PBXVariantGroup;
			children = (
				6E862EF41E2B56BE00D1067D /* Base */,
			);
			name = LaunchScreen.storyboard;
			sourceTree = "<group>";
		};
/* End PBXVariantGroup section */

/* Begin XCBuildConfiguration section */
		6E862F0D1E2B56BF00D1067D /* Debug */ = {
			isa = XCBuildConfiguration;
			buildSettings = {
				ALWAYS_SEARCH_USER_PATHS = NO;
				CLANG_ANALYZER_NONNULL = YES;
				CLANG_CXX_LANGUAGE_STANDARD = "gnu++0x";
				CLANG_CXX_LIBRARY = "libc++";
				CLANG_ENABLE_MODULES = YES;
				CLANG_ENABLE_OBJC_ARC = YES;
				CLANG_WARN_BOOL_CONVERSION = YES;
				CLANG_WARN_CONSTANT_CONVERSION = YES;
				CLANG_WARN_DIRECT_OBJC_ISA_USAGE = YES_ERROR;
				CLANG_WARN_DOCUMENTATION_COMMENTS = YES;
				CLANG_WARN_EMPTY_BODY = YES;
				CLANG_WARN_ENUM_CONVERSION = YES;
				CLANG_WARN_INFINITE_RECURSION = YES;
				CLANG_WARN_INT_CONVERSION = YES;
				CLANG_WARN_OBJC_ROOT_CLASS = YES_ERROR;
				CLANG_WARN_SUSPICIOUS_MOVE = YES;
				CLANG_WARN_UNREACHABLE_CODE = YES;
				CLANG_WARN__DUPLICATE_METHOD_MATCH = YES;
				"CODE_SIGN_IDENTITY[sdk=iphoneos*]" = "iPhone Developer";
				COPY_PHASE_STRIP = NO;
				DEBUG_INFORMATION_FORMAT = dwarf;
				ENABLE_STRICT_OBJC_MSGSEND = YES;
				ENABLE_TESTABILITY = YES;
				GCC_C_LANGUAGE_STANDARD = gnu99;
				GCC_DYNAMIC_NO_PIC = NO;
				GCC_NO_COMMON_BLOCKS = YES;
				GCC_OPTIMIZATION_LEVEL = 0;
				GCC_PREPROCESSOR_DEFINITIONS = (
					"DEBUG=1",
					"$(inherited)",
				);
				GCC_WARN_64_TO_32_BIT_CONVERSION = YES;
				GCC_WARN_ABOUT_RETURN_TYPE = YES_ERROR;
				GCC_WARN_UNDECLARED_SELECTOR = YES;
				GCC_WARN_UNINITIALIZED_AUTOS = YES_AGGRESSIVE;
				GCC_WARN_UNUSED_FUNCTION = YES;
				GCC_WARN_UNUSED_VARIABLE = YES;
				IPHONEOS_DEPLOYMENT_TARGET = 10.2;
				MTL_ENABLE_DEBUG_INFO = YES;
				ONLY_ACTIVE_ARCH = YES;
				SDKROOT = iphoneos;
				SWIFT_ACTIVE_COMPILATION_CONDITIONS = DEBUG;
				SWIFT_OPTIMIZATION_LEVEL = "-Onone";
				TARGETED_DEVICE_FAMILY = "1,2";
			};
			name = Debug;
		};
		6E862F0E1E2B56BF00D1067D /* Release */ = {
			isa = XCBuildConfiguration;
			buildSettings = {
				ALWAYS_SEARCH_USER_PATHS = NO;
				CLANG_ANALYZER_NONNULL = YES;
				CLANG_CXX_LANGUAGE_STANDARD = "gnu++0x";
				CLANG_CXX_LIBRARY = "libc++";
				CLANG_ENABLE_MODULES = YES;
				CLANG_ENABLE_OBJC_ARC = YES;
				CLANG_WARN_BOOL_CONVERSION = YES;
				CLANG_WARN_CONSTANT_CONVERSION = YES;
				CLANG_WARN_DIRECT_OBJC_ISA_USAGE = YES_ERROR;
				CLANG_WARN_DOCUMENTATION_COMMENTS = YES;
				CLANG_WARN_EMPTY_BODY = YES;
				CLANG_WARN_ENUM_CONVERSION = YES;
				CLANG_WARN_INFINITE_RECURSION = YES;
				CLANG_WARN_INT_CONVERSION = YES;
				CLANG_WARN_OBJC_ROOT_CLASS = YES_ERROR;
				CLANG_WARN_SUSPICIOUS_MOVE = YES;
				CLANG_WARN_UNREACHABLE_CODE = YES;
				CLANG_WARN__DUPLICATE_METHOD_MATCH = YES;
				"CODE_SIGN_IDENTITY[sdk=iphoneos*]" = "iPhone Developer";
				COPY_PHASE_STRIP = NO;
				DEBUG_INFORMATION_FORMAT = "dwarf-with-dsym";
				ENABLE_NS_ASSERTIONS = NO;
				ENABLE_STRICT_OBJC_MSGSEND = YES;
				GCC_C_LANGUAGE_STANDARD = gnu99;
				GCC_NO_COMMON_BLOCKS = YES;
				GCC_WARN_64_TO_32_BIT_CONVERSION = YES;
				GCC_WARN_ABOUT_RETURN_TYPE = YES_ERROR;
				GCC_WARN_UNDECLARED_SELECTOR = YES;
				GCC_WARN_UNINITIALIZED_AUTOS = YES_AGGRESSIVE;
				GCC_WARN_UNUSED_FUNCTION = YES;
				GCC_WARN_UNUSED_VARIABLE = YES;
				IPHONEOS_DEPLOYMENT_TARGET = 10.2;
				MTL_ENABLE_DEBUG_INFO = NO;
				SDKROOT = iphoneos;
				SWIFT_OPTIMIZATION_LEVEL = "-Owholemodule";
				TARGETED_DEVICE_FAMILY = "1,2";
				VALIDATE_PRODUCT = YES;
			};
			name = Release;
		};
		6E862F101E2B56BF00D1067D /* Debug */ = {
			isa = XCBuildConfiguration;
			baseConfigurationReference = 852CCE917ADE5F075E2BF053 /* Pods-On The Map.debug.xcconfig */;
			buildSettings = {
				ASSETCATALOG_COMPILER_APPICON_NAME = AppIcon;
				DEVELOPMENT_TEAM = 44VVQHZS45;
				INFOPLIST_FILE = "On The Map/Info.plist";
				IPHONEOS_DEPLOYMENT_TARGET = 10.3;
				LD_RUNPATH_SEARCH_PATHS = "$(inherited) @executable_path/Frameworks";
				PRODUCT_BUNDLE_IDENTIFIER = "com.zulwiozaputra.On-The-Map";
				PRODUCT_NAME = "$(TARGET_NAME)";
				SWIFT_VERSION = 3.0;
				TARGETED_DEVICE_FAMILY = 1;
			};
			name = Debug;
		};
		6E862F111E2B56BF00D1067D /* Release */ = {
			isa = XCBuildConfiguration;
			baseConfigurationReference = B0106C94A6F379DAFDFACFA0 /* Pods-On The Map.release.xcconfig */;
			buildSettings = {
				ASSETCATALOG_COMPILER_APPICON_NAME = AppIcon;
				DEVELOPMENT_TEAM = 44VVQHZS45;
				INFOPLIST_FILE = "On The Map/Info.plist";
				IPHONEOS_DEPLOYMENT_TARGET = 10.3;
				LD_RUNPATH_SEARCH_PATHS = "$(inherited) @executable_path/Frameworks";
				PRODUCT_BUNDLE_IDENTIFIER = "com.zulwiozaputra.On-The-Map";
				PRODUCT_NAME = "$(TARGET_NAME)";
				SWIFT_VERSION = 3.0;
				TARGETED_DEVICE_FAMILY = 1;
			};
			name = Release;
		};
		6E862F131E2B56BF00D1067D /* Debug */ = {
			isa = XCBuildConfiguration;
			baseConfigurationReference = 9A6CCDDD553B1BF25C4AFF58 /* Pods-On The MapTests.debug.xcconfig */;
			buildSettings = {
				ALWAYS_EMBED_SWIFT_STANDARD_LIBRARIES = YES;
				BUNDLE_LOADER = "$(TEST_HOST)";
				DEVELOPMENT_TEAM = 44VVQHZS45;
				INFOPLIST_FILE = "On The MapTests/Info.plist";
				LD_RUNPATH_SEARCH_PATHS = "$(inherited) @executable_path/Frameworks @loader_path/Frameworks";
				PRODUCT_BUNDLE_IDENTIFIER = "com.zulwiozaputra.On-The-MapTests";
				PRODUCT_NAME = "$(TARGET_NAME)";
				SWIFT_VERSION = 3.0;
				TEST_HOST = "$(BUILT_PRODUCTS_DIR)/On The Map.app/On The Map";
			};
			name = Debug;
		};
		6E862F141E2B56BF00D1067D /* Release */ = {
			isa = XCBuildConfiguration;
			baseConfigurationReference = 2F2AAE8F84F9A2989FFF2821 /* Pods-On The MapTests.release.xcconfig */;
			buildSettings = {
				ALWAYS_EMBED_SWIFT_STANDARD_LIBRARIES = YES;
				BUNDLE_LOADER = "$(TEST_HOST)";
				DEVELOPMENT_TEAM = 44VVQHZS45;
				INFOPLIST_FILE = "On The MapTests/Info.plist";
				LD_RUNPATH_SEARCH_PATHS = "$(inherited) @executable_path/Frameworks @loader_path/Frameworks";
				PRODUCT_BUNDLE_IDENTIFIER = "com.zulwiozaputra.On-The-MapTests";
				PRODUCT_NAME = "$(TARGET_NAME)";
				SWIFT_VERSION = 3.0;
				TEST_HOST = "$(BUILT_PRODUCTS_DIR)/On The Map.app/On The Map";
			};
			name = Release;
		};
		6E862F161E2B56BF00D1067D /* Debug */ = {
			isa = XCBuildConfiguration;
			baseConfigurationReference = 4FA9F13A73929E8F691D5F4A /* Pods-On The MapUITests.debug.xcconfig */;
			buildSettings = {
				ALWAYS_EMBED_SWIFT_STANDARD_LIBRARIES = YES;
				DEVELOPMENT_TEAM = 44VVQHZS45;
				INFOPLIST_FILE = "On The MapUITests/Info.plist";
				LD_RUNPATH_SEARCH_PATHS = "$(inherited) @executable_path/Frameworks @loader_path/Frameworks";
				PRODUCT_BUNDLE_IDENTIFIER = "com.zulwiozaputra.On-The-MapUITests";
				PRODUCT_NAME = "$(TARGET_NAME)";
				SWIFT_VERSION = 3.0;
				TEST_TARGET_NAME = "On The Map";
			};
			name = Debug;
		};
		6E862F171E2B56BF00D1067D /* Release */ = {
			isa = XCBuildConfiguration;
			baseConfigurationReference = F10BBF6AC1A8C72D509879FE /* Pods-On The MapUITests.release.xcconfig */;
			buildSettings = {
				ALWAYS_EMBED_SWIFT_STANDARD_LIBRARIES = YES;
				DEVELOPMENT_TEAM = 44VVQHZS45;
				INFOPLIST_FILE = "On The MapUITests/Info.plist";
				LD_RUNPATH_SEARCH_PATHS = "$(inherited) @executable_path/Frameworks @loader_path/Frameworks";
				PRODUCT_BUNDLE_IDENTIFIER = "com.zulwiozaputra.On-The-MapUITests";
				PRODUCT_NAME = "$(TARGET_NAME)";
				SWIFT_VERSION = 3.0;
				TEST_TARGET_NAME = "On The Map";
			};
			name = Release;
		};
/* End XCBuildConfiguration section */

/* Begin XCConfigurationList section */
		6E862EDF1E2B56BE00D1067D /* Build configuration list for PBXProject "On The Map" */ = {
			isa = XCConfigurationList;
			buildConfigurations = (
				6E862F0D1E2B56BF00D1067D /* Debug */,
				6E862F0E1E2B56BF00D1067D /* Release */,
			);
			defaultConfigurationIsVisible = 0;
			defaultConfigurationName = Release;
		};
		6E862F0F1E2B56BF00D1067D /* Build configuration list for PBXNativeTarget "On The Map" */ = {
			isa = XCConfigurationList;
			buildConfigurations = (
				6E862F101E2B56BF00D1067D /* Debug */,
				6E862F111E2B56BF00D1067D /* Release */,
			);
			defaultConfigurationIsVisible = 0;
			defaultConfigurationName = Release;
		};
		6E862F121E2B56BF00D1067D /* Build configuration list for PBXNativeTarget "On The MapTests" */ = {
			isa = XCConfigurationList;
			buildConfigurations = (
				6E862F131E2B56BF00D1067D /* Debug */,
				6E862F141E2B56BF00D1067D /* Release */,
			);
			defaultConfigurationIsVisible = 0;
			defaultConfigurationName = Release;
		};
		6E862F151E2B56BF00D1067D /* Build configuration list for PBXNativeTarget "On The MapUITests" */ = {
			isa = XCConfigurationList;
			buildConfigurations = (
				6E862F161E2B56BF00D1067D /* Debug */,
				6E862F171E2B56BF00D1067D /* Release */,
			);
			defaultConfigurationIsVisible = 0;
			defaultConfigurationName = Release;
		};
/* End XCConfigurationList section */

/* Begin XCVersionGroup section */
		6E862EEE1E2B56BE00D1067D /* On_The_Map.xcdatamodeld */ = {
			isa = XCVersionGroup;
			children = (
				6E862EEF1E2B56BE00D1067D /* On_The_Map.xcdatamodel */,
			);
			currentVersion = 6E862EEF1E2B56BE00D1067D /* On_The_Map.xcdatamodel */;
			path = On_The_Map.xcdatamodeld;
			sourceTree = "<group>";
			versionGroupType = wrapper.xcdatamodel;
		};
/* End XCVersionGroup section */
	};
	rootObject = 6E862EDC1E2B56BE00D1067D /* Project object */;
}
